{
  "requires": true,
  "lockfileVersion": 1,
  "dependencies": {
    "three": {
      "version": "0.99.0",
      "resolved": "https://registry.npmjs.org/three/-/three-0.99.0.tgz",
      "integrity": "sha512-DmNNq6H6nRGaqxScJ8x7v5VjdtDZR72oTVwDdKbB2BYNFxCkAoo9vdFAznEsMu9YzTV2yFvbVs7qHRzvJZzTIg=="
    },
    "three-mtl-loader": {
      "version": "1.0.2",
      "resolved": "https://registry.npmjs.org/three-mtl-loader/-/three-mtl-loader-1.0.2.tgz",
      "integrity": "sha512-GqDrWC5rbi+0/gp999S4lpCSHroBEfe9NqmH165orG0QhXeknL/eSNVMJUWBNgg2sBW7vlqVNWD/P0kdHeGC9g==",
      "requires": {
        "three": "0.87.1"
      },
      "dependencies": {
        "three": {
          "version": "0.87.1",
          "resolved": "https://registry.npmjs.org/three/-/three-0.87.1.tgz",
          "integrity": "sha1-Rmo07cRUNFnO2bnX0na2Uhb+K6g="
        }
      }
    }
  }
}
